
Microsoft Visual Studio Solution File, Format Version 12.00
# Visual Studio Version 17
VisualStudioVersion = 17.8.34511.84
MinimumVisualStudioVersion = 10.0.40219.1
Project("{9A19103F-16F7-4668-BE54-9A1E7A4F7556}") = "Core.Persistance", "Core.Persistance\Core.Persistance.csproj", "{FBB12B10-1988-4415-A0D6-89108E0FD52F}"
EndProject
Project("{FAE04EC0-301F-11D3-BF4B-00C04F79EFBC}") = "Core.Application", "Core.Application\Core.Application.csproj", "{BA1890E4-3EBC-42A8-939C-62EA0C127B3D}"
EndProject
Global
	GlobalSection(SolutionConfigurationPlatforms) = preSolution
		Debug|Any CPU = Debug|Any CPU
		Release|Any CPU = Release|Any CPU
	EndGlobalSection
	GlobalSection(ProjectConfigurationPlatforms) = postSolution
		{FBB12B10-1988-4415-A0D6-89108E0FD52F}.Debug|Any CPU.ActiveCfg = Debug|Any CPU
		{FBB12B10-1988-4415-A0D6-89108E0FD52F}.Debug|Any CPU.Build.0 = Debug|Any CPU
		{FBB12B10-1988-4415-A0D6-89108E0FD52F}.Release|Any CPU.ActiveCfg = Release|Any CPU
		{FBB12B10-1988-4415-A0D6-89108E0FD52F}.Release|Any CPU.Build.0 = Release|Any CPU
		{BA1890E4-3EBC-42A8-939C-62EA0C127B3D}.Debug|Any CPU.ActiveCfg = Debug|Any CPU
		{BA1890E4-3EBC-42A8-939C-62EA0C127B3D}.Debug|Any CPU.Build.0 = Debug|Any CPU
		{BA1890E4-3EBC-42A8-939C-62EA0C127B3D}.Release|Any CPU.ActiveCfg = Release|Any CPU
		{BA1890E4-3EBC-42A8-939C-62EA0C127B3D}.Release|Any CPU.Build.0 = Release|Any CPU
	EndGlobalSection
	GlobalSection(SolutionProperties) = preSolution
		HideSolutionNode = FALSE
	EndGlobalSection
	GlobalSection(ExtensibilityGlobals) = postSolution
		SolutionGuid = {CE848E1C-F598-4F3A-8F52-16476C379CBE}
	EndGlobalSection
EndGlobal
